
Microsoft Visual Studio Solution File, Format Version 12.00
# Visual Studio Version 17
VisualStudioVersion = 17.8.34330.188
MinimumVisualStudioVersion = 10.0.40219.1
Project("{2150E333-8FDC-42A3-9474-1A3956D46DE8}") = "Day1_04_02_2024", "Day1_04_02_2024", "{210BFDF5-EAD8-4090-88C7-CD90B091F1F8}"
EndProject
Project("{9A19103F-16F7-4668-BE54-9A1E7A4F7556}") = "Day_1", "Day1_04_02_2024\Day_1\Day_1.csproj", "{BCE12C8B-F911-494C-8096-81BEA08F2912}"
EndProject
Project("{2150E333-8FDC-42A3-9474-1A3956D46DE8}") = "Homeworks", "Homeworks", "{C71B35A9-91BF-4EBF-B51D-3B6BC8E55260}"
EndProject
Project("{2150E333-8FDC-42A3-9474-1A3956D46DE8}") = "Day1_Homework_MaskeTakip", "Day1_Homework_MaskeTakip", "{CA358994-2150-4C5D-ADB0-A5F395FE7995}"
EndProject
Project("{9A19103F-16F7-4668-BE54-9A1E7A4F7556}") = "Entities", "Homeworks\Day1_Homework_MaskeTakip\Entities\Entities.csproj", "{453480CF-DD56-4DD4-8940-405B18160A0A}"
EndProject
Project("{9A19103F-16F7-4668-BE54-9A1E7A4F7556}") = "Business", "Homeworks\Day1_Homework_MaskeTakip\Business\Business.csproj", "{85082AE7-D921-43FD-9EDB-8DE02DBC2823}"
EndProject
Project("{9A19103F-16F7-4668-BE54-9A1E7A4F7556}") = "Program", "Homeworks\Day1_Homework_MaskeTakip\Program\Program.csproj", "{96A4B3FB-95A7-447C-8CA1-47244478571E}"
EndProject
Project("{2150E333-8FDC-42A3-9474-1A3956D46DE8}") = "Day2_11_02_2024", "Day2_11_02_2024", "{B19FB01C-022C-4471-B4A6-DC9DCC99D838}"
EndProject
Project("{9A19103F-16F7-4668-BE54-9A1E7A4F7556}") = "Day_2", "Day2_11_02_2024\Day_2\Day_2.csproj", "{BEC192C0-8694-4A50-9DA1-CCD1FA2C9A9D}"
EndProject
Project("{2150E333-8FDC-42A3-9474-1A3956D46DE8}") = "Day2_Homework_Kodlamaio", "Day2_Homework_Kodlamaio", "{5D5C4D14-6364-433C-91DB-FCC16D8D5A08}"
EndProject
Project("{2150E333-8FDC-42A3-9474-1A3956D46DE8}") = "Core", "Core", "{E18ADFA6-71AE-4F2E-8D16-69B832D55BB8}"
EndProject
Project("{2150E333-8FDC-42A3-9474-1A3956D46DE8}") = "Kodlamaio", "Kodlamaio", "{0C77CBB8-DB10-49ED-8852-53D50B2EFA80}"
EndProject
Project("{9A19103F-16F7-4668-BE54-9A1E7A4F7556}") = "WebApi", "Homeworks\Day2_Homework_Kodlamaio\Kodlamaio\WebApi\WebApi.csproj", "{16B79717-1210-4653-B9AC-6C2FA3161C53}"
EndProject
Project("{9A19103F-16F7-4668-BE54-9A1E7A4F7556}") = "Entities", "Homeworks\Day2_Homework_Kodlamaio\Kodlamaio\Entities\Entities.csproj", "{B37F1241-3713-4873-AD6C-F21E5BD9951D}"
EndProject
Project("{9A19103F-16F7-4668-BE54-9A1E7A4F7556}") = "DataAccess", "Homeworks\Day2_Homework_Kodlamaio\Kodlamaio\DataAccess\DataAccess.csproj", "{CFD9F97D-5A16-45F1-92E7-D02C95FE6C93}"
EndProject
Project("{9A19103F-16F7-4668-BE54-9A1E7A4F7556}") = "Business", "Homeworks\Day2_Homework_Kodlamaio\Kodlamaio\Business\Business.csproj", "{8DCD1CAF-6218-4BD8-A14F-252B696D660B}"
EndProject
Project("{9A19103F-16F7-4668-BE54-9A1E7A4F7556}") = "Core.Shared", "Homeworks\Day2_Homework_Kodlamaio\Core\Core.Shared\Core.Shared.csproj", "{7E1D2C0E-C5BD-4531-AB15-C33C82E01B23}"
EndProject
Project("{9A19103F-16F7-4668-BE54-9A1E7A4F7556}") = "Core.Repository", "Homeworks\Day2_Homework_Kodlamaio\Core\Core.Repository\Core.Repository.csproj", "{72F93C8E-E683-4C01-95CA-71EB0020D818}"
EndProject
Project("{9A19103F-16F7-4668-BE54-9A1E7A4F7556}") = "Core.CrossCuttingConcerns", "Homeworks\Day2_Homework_Kodlamaio\Core\Core.CrossCuttingConcerns\Core.CrossCuttingConcerns.csproj", "{45CE1298-998A-48E3-94D0-6AF005DCCE04}"
EndProject
Project("{2150E333-8FDC-42A3-9474-1A3956D46DE8}") = "Day3_25_02_2024", "Day3_25_02_2024", "{40568122-E723-45AA-92E0-E1D043AD1642}"
EndProject
Project("{FAE04EC0-301F-11D3-BF4B-00C04F79EFBC}") = "Entities", "Day3_25_02_2024\Entities\Entities.csproj", "{76863C67-2EB8-4511-AAEB-62E624A28BF1}"
EndProject
Project("{FAE04EC0-301F-11D3-BF4B-00C04F79EFBC}") = "DataAccess", "Day3_25_02_2024\DataAccess\DataAccess.csproj", "{C7B80693-9901-41D4-9F2C-F5362935BF2D}"
EndProject
Project("{FAE04EC0-301F-11D3-BF4B-00C04F79EFBC}") = "Business", "Day3_25_02_2024\Business\Business.csproj", "{32276D64-450E-4A1D-A4B6-27FADF90A33D}"
EndProject
Project("{FAE04EC0-301F-11D3-BF4B-00C04F79EFBC}") = "WebApi", "Day3_25_02_2024\WebApi\WebApi.csproj", "{4A771E88-BC7B-4863-BDA6-4CBAD16C5FF8}"
EndProject
Project("{FAE04EC0-301F-11D3-BF4B-00C04F79EFBC}") = "Core", "Day3_25_02_2024\Core\Core.csproj", "{B7E488D0-EF50-4FD2-9BFB-B0B911E1316D}"
EndProject
Global
	GlobalSection(SolutionConfigurationPlatforms) = preSolution
		Debug|Any CPU = Debug|Any CPU
		Release|Any CPU = Release|Any CPU
	EndGlobalSection
	GlobalSection(ProjectConfigurationPlatforms) = postSolution
		{BCE12C8B-F911-494C-8096-81BEA08F2912}.Debug|Any CPU.ActiveCfg = Debug|Any CPU
		{BCE12C8B-F911-494C-8096-81BEA08F2912}.Debug|Any CPU.Build.0 = Debug|Any CPU
		{BCE12C8B-F911-494C-8096-81BEA08F2912}.Release|Any CPU.ActiveCfg = Release|Any CPU
		{BCE12C8B-F911-494C-8096-81BEA08F2912}.Release|Any CPU.Build.0 = Release|Any CPU
		{453480CF-DD56-4DD4-8940-405B18160A0A}.Debug|Any CPU.ActiveCfg = Debug|Any CPU
		{453480CF-DD56-4DD4-8940-405B18160A0A}.Debug|Any CPU.Build.0 = Debug|Any CPU
		{453480CF-DD56-4DD4-8940-405B18160A0A}.Release|Any CPU.ActiveCfg = Release|Any CPU
		{453480CF-DD56-4DD4-8940-405B18160A0A}.Release|Any CPU.Build.0 = Release|Any CPU
		{85082AE7-D921-43FD-9EDB-8DE02DBC2823}.Debug|Any CPU.ActiveCfg = Debug|Any CPU
		{85082AE7-D921-43FD-9EDB-8DE02DBC2823}.Debug|Any CPU.Build.0 = Debug|Any CPU
		{85082AE7-D921-43FD-9EDB-8DE02DBC2823}.Release|Any CPU.ActiveCfg = Release|Any CPU
		{85082AE7-D921-43FD-9EDB-8DE02DBC2823}.Release|Any CPU.Build.0 = Release|Any CPU
		{96A4B3FB-95A7-447C-8CA1-47244478571E}.Debug|Any CPU.ActiveCfg = Debug|Any CPU
		{96A4B3FB-95A7-447C-8CA1-47244478571E}.Debug|Any CPU.Build.0 = Debug|Any CPU
		{96A4B3FB-95A7-447C-8CA1-47244478571E}.Release|Any CPU.ActiveCfg = Release|Any CPU
		{96A4B3FB-95A7-447C-8CA1-47244478571E}.Release|Any CPU.Build.0 = Release|Any CPU
		{BEC192C0-8694-4A50-9DA1-CCD1FA2C9A9D}.Debug|Any CPU.ActiveCfg = Debug|Any CPU
		{BEC192C0-8694-4A50-9DA1-CCD1FA2C9A9D}.Debug|Any CPU.Build.0 = Debug|Any CPU
		{BEC192C0-8694-4A50-9DA1-CCD1FA2C9A9D}.Release|Any CPU.ActiveCfg = Release|Any CPU
		{BEC192C0-8694-4A50-9DA1-CCD1FA2C9A9D}.Release|Any CPU.Build.0 = Release|Any CPU
		{16B79717-1210-4653-B9AC-6C2FA3161C53}.Debug|Any CPU.ActiveCfg = Debug|Any CPU
		{16B79717-1210-4653-B9AC-6C2FA3161C53}.Debug|Any CPU.Build.0 = Debug|Any CPU
		{16B79717-1210-4653-B9AC-6C2FA3161C53}.Release|Any CPU.ActiveCfg = Release|Any CPU
		{16B79717-1210-4653-B9AC-6C2FA3161C53}.Release|Any CPU.Build.0 = Release|Any CPU
		{B37F1241-3713-4873-AD6C-F21E5BD9951D}.Debug|Any CPU.ActiveCfg = Debug|Any CPU
		{B37F1241-3713-4873-AD6C-F21E5BD9951D}.Debug|Any CPU.Build.0 = Debug|Any CPU
		{B37F1241-3713-4873-AD6C-F21E5BD9951D}.Release|Any CPU.ActiveCfg = Release|Any CPU
		{B37F1241-3713-4873-AD6C-F21E5BD9951D}.Release|Any CPU.Build.0 = Release|Any CPU
		{CFD9F97D-5A16-45F1-92E7-D02C95FE6C93}.Debug|Any CPU.ActiveCfg = Debug|Any CPU
		{CFD9F97D-5A16-45F1-92E7-D02C95FE6C93}.Debug|Any CPU.Build.0 = Debug|Any CPU
		{CFD9F97D-5A16-45F1-92E7-D02C95FE6C93}.Release|Any CPU.ActiveCfg = Release|Any CPU
		{CFD9F97D-5A16-45F1-92E7-D02C95FE6C93}.Release|Any CPU.Build.0 = Release|Any CPU
		{8DCD1CAF-6218-4BD8-A14F-252B696D660B}.Debug|Any CPU.ActiveCfg = Debug|Any CPU
		{8DCD1CAF-6218-4BD8-A14F-252B696D660B}.Debug|Any CPU.Build.0 = Debug|Any CPU
		{8DCD1CAF-6218-4BD8-A14F-252B696D660B}.Release|Any CPU.ActiveCfg = Release|Any CPU
		{8DCD1CAF-6218-4BD8-A14F-252B696D660B}.Release|Any CPU.Build.0 = Release|Any CPU
		{7E1D2C0E-C5BD-4531-AB15-C33C82E01B23}.Debug|Any CPU.ActiveCfg = Debug|Any CPU
		{7E1D2C0E-C5BD-4531-AB15-C33C82E01B23}.Debug|Any CPU.Build.0 = Debug|Any CPU
		{7E1D2C0E-C5BD-4531-AB15-C33C82E01B23}.Release|Any CPU.ActiveCfg = Release|Any CPU
		{7E1D2C0E-C5BD-4531-AB15-C33C82E01B23}.Release|Any CPU.Build.0 = Release|Any CPU
		{72F93C8E-E683-4C01-95CA-71EB0020D818}.Debug|Any CPU.ActiveCfg = Debug|Any CPU
		{72F93C8E-E683-4C01-95CA-71EB0020D818}.Debug|Any CPU.Build.0 = Debug|Any CPU
		{72F93C8E-E683-4C01-95CA-71EB0020D818}.Release|Any CPU.ActiveCfg = Release|Any CPU
		{72F93C8E-E683-4C01-95CA-71EB0020D818}.Release|Any CPU.Build.0 = Release|Any CPU
		{45CE1298-998A-48E3-94D0-6AF005DCCE04}.Debug|Any CPU.ActiveCfg = Debug|Any CPU
		{45CE1298-998A-48E3-94D0-6AF005DCCE04}.Debug|Any CPU.Build.0 = Debug|Any CPU
		{45CE1298-998A-48E3-94D0-6AF005DCCE04}.Release|Any CPU.ActiveCfg = Release|Any CPU
		{45CE1298-998A-48E3-94D0-6AF005DCCE04}.Release|Any CPU.Build.0 = Release|Any CPU
		{76863C67-2EB8-4511-AAEB-62E624A28BF1}.Debug|Any CPU.ActiveCfg = Debug|Any CPU
		{76863C67-2EB8-4511-AAEB-62E624A28BF1}.Debug|Any CPU.Build.0 = Debug|Any CPU
		{76863C67-2EB8-4511-AAEB-62E624A28BF1}.Release|Any CPU.ActiveCfg = Release|Any CPU
		{76863C67-2EB8-4511-AAEB-62E624A28BF1}.Release|Any CPU.Build.0 = Release|Any CPU
		{C7B80693-9901-41D4-9F2C-F5362935BF2D}.Debug|Any CPU.ActiveCfg = Debug|Any CPU
		{C7B80693-9901-41D4-9F2C-F5362935BF2D}.Debug|Any CPU.Build.0 = Debug|Any CPU
		{C7B80693-9901-41D4-9F2C-F5362935BF2D}.Release|Any CPU.ActiveCfg = Release|Any CPU
		{C7B80693-9901-41D4-9F2C-F5362935BF2D}.Release|Any CPU.Build.0 = Release|Any CPU
		{32276D64-450E-4A1D-A4B6-27FADF90A33D}.Debug|Any CPU.ActiveCfg = Debug|Any CPU
		{32276D64-450E-4A1D-A4B6-27FADF90A33D}.Debug|Any CPU.Build.0 = Debug|Any CPU
		{32276D64-450E-4A1D-A4B6-27FADF90A33D}.Release|Any CPU.ActiveCfg = Release|Any CPU
		{32276D64-450E-4A1D-A4B6-27FADF90A33D}.Release|Any CPU.Build.0 = Release|Any CPU
		{4A771E88-BC7B-4863-BDA6-4CBAD16C5FF8}.Debug|Any CPU.ActiveCfg = Debug|Any CPU
		{4A771E88-BC7B-4863-BDA6-4CBAD16C5FF8}.Debug|Any CPU.Build.0 = Debug|Any CPU
		{4A771E88-BC7B-4863-BDA6-4CBAD16C5FF8}.Release|Any CPU.ActiveCfg = Release|Any CPU
		{4A771E88-BC7B-4863-BDA6-4CBAD16C5FF8}.Release|Any CPU.Build.0 = Release|Any CPU
		{B7E488D0-EF50-4FD2-9BFB-B0B911E1316D}.Debug|Any CPU.ActiveCfg = Debug|Any CPU
		{B7E488D0-EF50-4FD2-9BFB-B0B911E1316D}.Debug|Any CPU.Build.0 = Debug|Any CPU
		{B7E488D0-EF50-4FD2-9BFB-B0B911E1316D}.Release|Any CPU.ActiveCfg = Release|Any CPU
		{B7E488D0-EF50-4FD2-9BFB-B0B911E1316D}.Release|Any CPU.Build.0 = Release|Any CPU
	EndGlobalSection
	GlobalSection(SolutionProperties) = preSolution
		HideSolutionNode = FALSE
	EndGlobalSection
	GlobalSection(NestedProjects) = preSolution
		{BCE12C8B-F911-494C-8096-81BEA08F2912} = {210BFDF5-EAD8-4090-88C7-CD90B091F1F8}
		{CA358994-2150-4C5D-ADB0-A5F395FE7995} = {C71B35A9-91BF-4EBF-B51D-3B6BC8E55260}
		{453480CF-DD56-4DD4-8940-405B18160A0A} = {CA358994-2150-4C5D-ADB0-A5F395FE7995}
		{85082AE7-D921-43FD-9EDB-8DE02DBC2823} = {CA358994-2150-4C5D-ADB0-A5F395FE7995}
		{96A4B3FB-95A7-447C-8CA1-47244478571E} = {CA358994-2150-4C5D-ADB0-A5F395FE7995}
		{BEC192C0-8694-4A50-9DA1-CCD1FA2C9A9D} = {B19FB01C-022C-4471-B4A6-DC9DCC99D838}
		{5D5C4D14-6364-433C-91DB-FCC16D8D5A08} = {C71B35A9-91BF-4EBF-B51D-3B6BC8E55260}
		{E18ADFA6-71AE-4F2E-8D16-69B832D55BB8} = {5D5C4D14-6364-433C-91DB-FCC16D8D5A08}
		{0C77CBB8-DB10-49ED-8852-53D50B2EFA80} = {5D5C4D14-6364-433C-91DB-FCC16D8D5A08}
		{16B79717-1210-4653-B9AC-6C2FA3161C53} = {0C77CBB8-DB10-49ED-8852-53D50B2EFA80}
		{B37F1241-3713-4873-AD6C-F21E5BD9951D} = {0C77CBB8-DB10-49ED-8852-53D50B2EFA80}
		{CFD9F97D-5A16-45F1-92E7-D02C95FE6C93} = {0C77CBB8-DB10-49ED-8852-53D50B2EFA80}
		{8DCD1CAF-6218-4BD8-A14F-252B696D660B} = {0C77CBB8-DB10-49ED-8852-53D50B2EFA80}
		{7E1D2C0E-C5BD-4531-AB15-C33C82E01B23} = {E18ADFA6-71AE-4F2E-8D16-69B832D55BB8}
		{72F93C8E-E683-4C01-95CA-71EB0020D818} = {E18ADFA6-71AE-4F2E-8D16-69B832D55BB8}
		{45CE1298-998A-48E3-94D0-6AF005DCCE04} = {E18ADFA6-71AE-4F2E-8D16-69B832D55BB8}
		{76863C67-2EB8-4511-AAEB-62E624A28BF1} = {40568122-E723-45AA-92E0-E1D043AD1642}
		{C7B80693-9901-41D4-9F2C-F5362935BF2D} = {40568122-E723-45AA-92E0-E1D043AD1642}
		{32276D64-450E-4A1D-A4B6-27FADF90A33D} = {40568122-E723-45AA-92E0-E1D043AD1642}
		{4A771E88-BC7B-4863-BDA6-4CBAD16C5FF8} = {40568122-E723-45AA-92E0-E1D043AD1642}
		{B7E488D0-EF50-4FD2-9BFB-B0B911E1316D} = {40568122-E723-45AA-92E0-E1D043AD1642}
	EndGlobalSection
	GlobalSection(ExtensibilityGlobals) = postSolution
		SolutionGuid = {83BD6FE0-1EA3-46E7-A369-1BA640B6E66E}
	EndGlobalSection
EndGlobal
